Microsoft Visual Studio Solution File, Format Version 12.00
# Visual Studio Version 17
VisualStudioVersion = 17.0.31903.59
MinimumVisualStudioVersion = 10.0.40219.1
Project("{FAE04EC0-301F-11D3-BF4B-00C04F79EFBC}") = "Jellyfin.Plugin.AudioTagger", "Jellyfin.Plugin.AudioTagger.csproj", "{6A29E090-0B0B-4C7E-AF85-C6609D82E32F}"
EndProject
Project("{FAE04EC0-301F-11D3-BF4B-00C04F79EFBC}") = "Jellyfin.Plugin.AudioTagger.Tests", "tests\Jellyfin.Plugin.AudioTagger.Tests\Jellyfin.Plugin.AudioTagger.Tests.csproj", "{A43B35A6-D219-4D3B-8478-27A589340C04}"
EndProject
Global
	GlobalSection(SolutionConfigurationPlatforms) = preSolution
		Debug|Any CPU = Debug|Any CPU
		Release|Any CPU = Release|Any CPU
	EndGlobalSection
	GlobalSection(ProjectConfigurationPlatforms) = postSolution
		{6A29E090-0B0B-4C7E-AF85-C6609D82E32F}.Debug|Any CPU.ActiveCfg = Debug|Any CPU
		{6A29E090-0B0B-4C7E-AF85-C6609D82E32F}.Debug|Any CPU.Build.0 = Debug|Any CPU
		{6A29E090-0B0B-4C7E-AF85-C6609D82E32F}.Release|Any CPU.ActiveCfg = Release|Any CPU
		{6A29E090-0B0B-4C7E-AF85-C6609D82E32F}.Release|Any CPU.Build.0 = Release|Any CPU
		{A43B35A6-D219-4D3B-8478-27A589340C04}.Debug|Any CPU.ActiveCfg = Debug|Any CPU
		{A43B35A6-D219-4D3B-8478-27A589340C04}.Debug|Any CPU.Build.0 = Debug|Any CPU
		{A43B35A6-D219-4D3B-8478-27A589340C04}.Release|Any CPU.ActiveCfg = Release|Any CPU
		{A43B35A6-D219-4D3B-8478-27A589340C04}.Release|Any CPU.Build.0 = Release|Any CPU
	EndGlobalSection
	GlobalSection(SolutionProperties) = preSolution
		HideSolutionNode = FALSE
	EndGlobalSection
EndGlobal
